
Microsoft Visual Studio Solution File, Format Version 12.00
# Visual Studio 15
VisualStudioVersion = 15.0.28307.902
MinimumVisualStudioVersion = 10.0.40219.1
Project("{FAE04EC0-301F-11D3-BF4B-00C04F79EFBC}") = "4Bit_Adder", "Adder\4Bit_Adder.csproj", "{B8B7CAD1-7644-42B0-8152-D9535FD4A4BF}"
EndProject
Project("{2150E333-8FDC-42A3-9474-1A3956D46DE8}") = "Solution Items", "Solution Items", "{B8172B48-CE71-4D6B-B225-A2BDB3C86E96}"
	ProjectSection(SolutionItems) = preProject
		Schalttabelle.xlsx = Schalttabelle.xlsx
	EndProjectSection
EndProject
Project("{FAE04EC0-301F-11D3-BF4B-00C04F79EFBC}") = "Gatter_Lib", "Gatter\Gatter_Lib.csproj", "{68A2A6B8-ADBF-4AA2-9209-C33CDF55665A}"
EndProject
Project("{FAE04EC0-301F-11D3-BF4B-00C04F79EFBC}") = "Gatter_CLI", "TestClassLib\Gatter_CLI.csproj", "{186F0216-83A0-4C8E-B762-A04C28805AE2}"
EndProject
Global
	GlobalSection(SolutionConfigurationPlatforms) = preSolution
		Debug|Any CPU = Debug|Any CPU
		Release|Any CPU = Release|Any CPU
	EndGlobalSection
	GlobalSection(ProjectConfigurationPlatforms) = postSolution
		{B8B7CAD1-7644-42B0-8152-D9535FD4A4BF}.Debug|Any CPU.ActiveCfg = Debug|Any CPU
		{B8B7CAD1-7644-42B0-8152-D9535FD4A4BF}.Debug|Any CPU.Build.0 = Debug|Any CPU
		{B8B7CAD1-7644-42B0-8152-D9535FD4A4BF}.Release|Any CPU.ActiveCfg = Release|Any CPU
		{B8B7CAD1-7644-42B0-8152-D9535FD4A4BF}.Release|Any CPU.Build.0 = Release|Any CPU
		{68A2A6B8-ADBF-4AA2-9209-C33CDF55665A}.Debug|Any CPU.ActiveCfg = Debug|Any CPU
		{68A2A6B8-ADBF-4AA2-9209-C33CDF55665A}.Debug|Any CPU.Build.0 = Debug|Any CPU
		{68A2A6B8-ADBF-4AA2-9209-C33CDF55665A}.Release|Any CPU.ActiveCfg = Release|Any CPU
		{68A2A6B8-ADBF-4AA2-9209-C33CDF55665A}.Release|Any CPU.Build.0 = Release|Any CPU
		{186F0216-83A0-4C8E-B762-A04C28805AE2}.Debug|Any CPU.ActiveCfg = Debug|Any CPU
		{186F0216-83A0-4C8E-B762-A04C28805AE2}.Debug|Any CPU.Build.0 = Debug|Any CPU
		{186F0216-83A0-4C8E-B762-A04C28805AE2}.Release|Any CPU.ActiveCfg = Release|Any CPU
		{186F0216-83A0-4C8E-B762-A04C28805AE2}.Release|Any CPU.Build.0 = Release|Any CPU
	EndGlobalSection
	GlobalSection(SolutionProperties) = preSolution
		HideSolutionNode = FALSE
	EndGlobalSection
	GlobalSection(ExtensibilityGlobals) = postSolution
		SolutionGuid = {B3AF4F84-7D0A-4B6E-9410-9EBA417329BD}
	EndGlobalSection
EndGlobal
